
Microsoft Visual Studio Solution File, Format Version 12.00
# Visual Studio Version 17
VisualStudioVersion = 17.2.32526.322
MinimumVisualStudioVersion = 10.0.40219.1
Project("{FAE04EC0-301F-11D3-BF4B-00C04F79EFBC}") = "Proyect1_Calc", "Proyect1_Calc.csproj", "{3B0C42F9-3B9D-453A-B075-C5B0EDECEBE0}"
EndProject
Global
	GlobalSection(SolutionConfigurationPlatforms) = preSolution
		Debug|Any CPU = Debug|Any CPU
		Release|Any CPU = Release|Any CPU
	EndGlobalSection
	GlobalSection(ProjectConfigurationPlatforms) = postSolution
		{3B0C42F9-3B9D-453A-B075-C5B0EDECEBE0}.Debug|Any CPU.ActiveCfg = Debug|Any CPU
		{3B0C42F9-3B9D-453A-B075-C5B0EDECEBE0}.Debug|Any CPU.Build.0 = Debug|Any CPU
		{3B0C42F9-3B9D-453A-B075-C5B0EDECEBE0}.Release|Any CPU.ActiveCfg = Release|Any CPU
		{3B0C42F9-3B9D-453A-B075-C5B0EDECEBE0}.Release|Any CPU.Build.0 = Release|Any CPU
	EndGlobalSection
	GlobalSection(SolutionProperties) = preSolution
		HideSolutionNode = FALSE
	EndGlobalSection
	GlobalSection(ExtensibilityGlobals) = postSolution
		SolutionGuid = {64F9AE2E-8531-4DF4-84F4-C44A4537126A}
	EndGlobalSection
EndGlobal
